DEPENDENCIES
  build-essential (~> 2.0.2)
  datomic
    git: git://github.com/hectcastro/chef-datomic.git
    revision: 9f655acd362e9b66ebbd4382c4db5e11a07d6654
    ref: 0.2.0
  java
  ruby_build

GRAPH
  apt (2.3.10)
  build-essential (2.0.6)
  chef_handler (1.1.6)
  datomic (0.2.0)
    java (~> 1.22.0)
    riak (~> 2.4.7)
    runit (~> 1.5.10)
    zookeeper (~> 0.1.0)
  dmg (2.2.0)
  erlang (1.5.6)
    apt (>= 1.7.0)
    build-essential (>= 0.0.0)
    yum (~> 3.0)
    yum-epel (>= 0.0.0)
    yum-erlang_solutions (>= 0.0.0)
  git (3.1.0)
    build-essential (>= 0.0.0)
    dmg (>= 0.0.0)
    runit (>= 1.0.0)
    windows (>= 0.0.0)
    yum (~> 3.0)
    yum-epel (>= 0.0.0)
  java (1.22.0)
  riak (2.4.13)
    apt (~> 2.3.8)
    build-essential (~> 2.0.2)
    erlang (~> 1.5.0)
    git (~> 3.0)
    sysctl (< 0.5.0)
    ulimit (~> 0.3.2)
    yum (~> 3.0)
    yum-epel (~> 0.3)
  ruby_build (0.8.0)
  runit (1.5.10)
    build-essential (>= 0.0.0)
    yum (~> 3.0)
    yum-epel (>= 0.0.0)
  sysctl (0.4.0)
  ulimit (0.3.2)
  windows (1.34.2)
    chef_handler (>= 0.0.0)
  yum (3.2.2)
  yum-epel (0.4.0)
    yum (~> 3.0)
  yum-erlang_solutions (0.2.0)
    yum (~> 3.0)
  zookeeper (0.1.0)
    java (>= 0.0.0)
    runit (>= 0.0.0)
